
Microsoft Visual Studio Solution File, Format Version 12.00
# Visual Studio Version 17
VisualStudioVersion = 17.1.32210.238
MinimumVisualStudioVersion = 10.0.40219.1
Project("{FAE04EC0-301F-11D3-BF4B-00C04F79EFBC}") = "KeyCount", "KeyCount\KeyCount.csproj", "{EC5C7927-F956-42CF-8D2B-FF0B838C531A}"
EndProject
Global
	GlobalSection(SolutionConfigurationPlatforms) = preSolution
		Debug|Any CPU = Debug|Any CPU
		Release|Any CPU = Release|Any CPU
	EndGlobalSection
	GlobalSection(ProjectConfigurationPlatforms) = postSolution
		{EC5C7927-F956-42CF-8D2B-FF0B838C531A}.Debug|Any CPU.ActiveCfg = Debug|Any CPU
		{EC5C7927-F956-42CF-8D2B-FF0B838C531A}.Debug|Any CPU.Build.0 = Debug|Any CPU
		{EC5C7927-F956-42CF-8D2B-FF0B838C531A}.Release|Any CPU.ActiveCfg = Release|Any CPU
		{EC5C7927-F956-42CF-8D2B-FF0B838C531A}.Release|Any CPU.Build.0 = Release|Any CPU
	EndGlobalSection
	GlobalSection(SolutionProperties) = preSolution
		HideSolutionNode = FALSE
	EndGlobalSection
	GlobalSection(ExtensibilityGlobals) = postSolution
		SolutionGuid = {3FA5B6BD-D845-4320-94EB-0DF8EC13D52E}
	EndGlobalSection
EndGlobal
